
Microsoft Visual Studio Solution File, Format Version 12.00
# Visual Studio 14
VisualStudioVersion = 14.0.25420.1
MinimumVisualStudioVersion = 10.0.40219.1
Project("{2150E333-8FDC-42A3-9474-1A3956D46DE8}") = "ILENA.WPF", "ILENA.WPF", "{BBBC7FA0-F7B8-4BE5-87BC-A8A3B4E88B90}"
EndProject
Project("{FAE04EC0-301F-11D3-BF4B-00C04F79EFBC}") = "ILENA.WPF", "ILENA.WPF\ILENA.WPF.csproj", "{8121846D-923E-4BB0-8647-30DA753D156E}"
EndProject
Project("{FAE04EC0-301F-11D3-BF4B-00C04F79EFBC}") = "ILENA.Data", "ILENA.Data\ILENA.Data.csproj", "{7CEF4480-4F53-4ED3-A264-0F8EC633E01C}"
EndProject
Project("{FAE04EC0-301F-11D3-BF4B-00C04F79EFBC}") = "ILENA.Model", "ILENA.Model\ILENA.Model.csproj", "{E83B027A-EC8D-4B14-B99B-63A37709C0C2}"
EndProject
Project("{FAE04EC0-301F-11D3-BF4B-00C04F79EFBC}") = "ILENA.Business", "ILENA.Business\ILENA.Business.csproj", "{ED03E538-7FCC-4572-9EF0-4F40D1362DD4}"
EndProject
Project("{FAE04EC0-301F-11D3-BF4B-00C04F79EFBC}") = "ILENA.WebApi", "ILENA.WebApi\ILENA.WebApi.csproj", "{C23DA341-502B-4AD4-A744-839B7DE65560}"
EndProject
Global
	GlobalSection(SolutionConfigurationPlatforms) = preSolution
		Debug|Any CPU = Debug|Any CPU
		Release|Any CPU = Release|Any CPU
	EndGlobalSection
	GlobalSection(ProjectConfigurationPlatforms) = postSolution
		{8121846D-923E-4BB0-8647-30DA753D156E}.Debug|Any CPU.ActiveCfg = Debug|Any CPU
		{8121846D-923E-4BB0-8647-30DA753D156E}.Debug|Any CPU.Build.0 = Debug|Any CPU
		{8121846D-923E-4BB0-8647-30DA753D156E}.Release|Any CPU.ActiveCfg = Release|Any CPU
		{8121846D-923E-4BB0-8647-30DA753D156E}.Release|Any CPU.Build.0 = Release|Any CPU
		{7CEF4480-4F53-4ED3-A264-0F8EC633E01C}.Debug|Any CPU.ActiveCfg = Debug|Any CPU
		{7CEF4480-4F53-4ED3-A264-0F8EC633E01C}.Debug|Any CPU.Build.0 = Debug|Any CPU
		{7CEF4480-4F53-4ED3-A264-0F8EC633E01C}.Release|Any CPU.ActiveCfg = Release|Any CPU
		{7CEF4480-4F53-4ED3-A264-0F8EC633E01C}.Release|Any CPU.Build.0 = Release|Any CPU
		{E83B027A-EC8D-4B14-B99B-63A37709C0C2}.Debug|Any CPU.ActiveCfg = Debug|Any CPU
		{E83B027A-EC8D-4B14-B99B-63A37709C0C2}.Debug|Any CPU.Build.0 = Debug|Any CPU
		{E83B027A-EC8D-4B14-B99B-63A37709C0C2}.Release|Any CPU.ActiveCfg = Release|Any CPU
		{E83B027A-EC8D-4B14-B99B-63A37709C0C2}.Release|Any CPU.Build.0 = Release|Any CPU
		{ED03E538-7FCC-4572-9EF0-4F40D1362DD4}.Debug|Any CPU.ActiveCfg = Debug|Any CPU
		{ED03E538-7FCC-4572-9EF0-4F40D1362DD4}.Debug|Any CPU.Build.0 = Debug|Any CPU
		{ED03E538-7FCC-4572-9EF0-4F40D1362DD4}.Release|Any CPU.ActiveCfg = Release|Any CPU
		{ED03E538-7FCC-4572-9EF0-4F40D1362DD4}.Release|Any CPU.Build.0 = Release|Any CPU
		{C23DA341-502B-4AD4-A744-839B7DE65560}.Debug|Any CPU.ActiveCfg = Debug|Any CPU
		{C23DA341-502B-4AD4-A744-839B7DE65560}.Debug|Any CPU.Build.0 = Debug|Any CPU
		{C23DA341-502B-4AD4-A744-839B7DE65560}.Release|Any CPU.ActiveCfg = Release|Any CPU
		{C23DA341-502B-4AD4-A744-839B7DE65560}.Release|Any CPU.Build.0 = Release|Any CPU
	EndGlobalSection
	GlobalSection(SolutionProperties) = preSolution
		HideSolutionNode = FALSE
	EndGlobalSection
	GlobalSection(NestedProjects) = preSolution
		{8121846D-923E-4BB0-8647-30DA753D156E} = {BBBC7FA0-F7B8-4BE5-87BC-A8A3B4E88B90}
		{7CEF4480-4F53-4ED3-A264-0F8EC633E01C} = {BBBC7FA0-F7B8-4BE5-87BC-A8A3B4E88B90}
		{E83B027A-EC8D-4B14-B99B-63A37709C0C2} = {BBBC7FA0-F7B8-4BE5-87BC-A8A3B4E88B90}
		{ED03E538-7FCC-4572-9EF0-4F40D1362DD4} = {BBBC7FA0-F7B8-4BE5-87BC-A8A3B4E88B90}
		{C23DA341-502B-4AD4-A744-839B7DE65560} = {BBBC7FA0-F7B8-4BE5-87BC-A8A3B4E88B90}
	EndGlobalSection
EndGlobal
